
Microsoft Visual Studio Solution File, Format Version 12.00
# Visual Studio Version 16
VisualStudioVersion = 16.0.29411.108
MinimumVisualStudioVersion = 10.0.40219.1
Project("{FAE04EC0-301F-11D3-BF4B-00C04F79EFBC}") = "Histogram", "Histogram\Histogram.csproj", "{0DEE3663-FEF5-4B1D-91FC-9D83FEEEDB50}"
EndProject
Global
	GlobalSection(SolutionConfigurationPlatforms) = preSolution
		Debug|Any CPU = Debug|Any CPU
		Release|Any CPU = Release|Any CPU
	EndGlobalSection
	GlobalSection(ProjectConfigurationPlatforms) = postSolution
		{0DEE3663-FEF5-4B1D-91FC-9D83FEEEDB50}.Debug|Any CPU.ActiveCfg = Debug|Any CPU
		{0DEE3663-FEF5-4B1D-91FC-9D83FEEEDB50}.Debug|Any CPU.Build.0 = Debug|Any CPU
		{0DEE3663-FEF5-4B1D-91FC-9D83FEEEDB50}.Release|Any CPU.ActiveCfg = Release|Any CPU
		{0DEE3663-FEF5-4B1D-91FC-9D83FEEEDB50}.Release|Any CPU.Build.0 = Release|Any CPU
	EndGlobalSection
	GlobalSection(SolutionProperties) = preSolution
		HideSolutionNode = FALSE
	EndGlobalSection
	GlobalSection(ExtensibilityGlobals) = postSolution
		SolutionGuid = {DBDA206B-3EF6-4CA2-8410-201D4E9B742A}
	EndGlobalSection
EndGlobal
